// !$*UTF8*$!
{
	archiveVersion = 1;
	classes = {
	};
	objectVersion = 48;
	objects = {

/* Begin PBXBuildFile section */
		B1B828DF1FF80BC800AF9785 /* AppDelegate.swift in Sources */ = {isa = PBXBuildFile; fileRef = B1B828DE1FF80BC800AF9785 /* AppDelegate.swift */; };
		B1B828E11FF80BC800AF9785 /* ViewController.swift in Sources */ = {isa = PBXBuildFile; fileRef = B1B828E01FF80BC800AF9785 /* ViewController.swift */; };
		B1B828E41FF80BC800AF9785 /* Main.storyboard in Resources */ = {isa = PBXBuildFile; fileRef = B1B828E21FF80BC800AF9785 /* Main.storyboard */; };
		B1B828E71FF80BC800AF9785 /* Dame_Veneno.xcdatamodeld in Sources */ = {isa = PBXBuildFile; fileRef = B1B828E51FF80BC800AF9785 /* Dame_Veneno.xcdatamodeld */; };
		B1B828E91FF80BC800AF9785 /* Assets.xcassets in Resources */ = {isa = PBXBuildFile; fileRef = B1B828E81FF80BC800AF9785 /* Assets.xcassets */; };
		B1B828EC1FF80BC800AF9785 /* LaunchScreen.storyboard in Resources */ = {isa = PBXBuildFile; fileRef = B1B828EA1FF80BC800AF9785 /* LaunchScreen.storyboard */; };
		B1B828F71FF80BC800AF9785 /* Dame_VenenoTests.swift in Sources */ = {isa = PBXBuildFile; fileRef = B1B828F61FF80BC800AF9785 /* Dame_VenenoTests.swift */; };
		B1B829021FF80BC800AF9785 /* Dame_VenenoUITests.swift in Sources */ = {isa = PBXBuildFile; fileRef = B1B829011FF80BC800AF9785 /* Dame_VenenoUITests.swift */; };
/* End PBXBuildFile section */

/* Begin PBXContainerItemProxy section */
		B1B828F31FF80BC800AF9785 /* PBXContainerItemProxy */ = {
			isa = PBXContainerItemProxy;
			containerPortal = B1B828D31FF80BC700AF9785 /* Project object */;
			proxyType = 1;
			remoteGlobalIDString = B1B828DA1FF80BC800AF9785;
			remoteInfo = "Dame Veneno";
		};
		B1B828FE1FF80BC800AF9785 /* PBXContainerItemProxy */ = {
			isa = PBXContainerItemProxy;
			containerPortal = B1B828D31FF80BC700AF9785 /* Project object */;
			proxyType = 1;
			remoteGlobalIDString = B1B828DA1FF80BC800AF9785;
			remoteInfo = "Dame Veneno";
		};
/* End PBXContainerItemProxy section */

/* Begin PBXFileReference section */
		B1B828DB1FF80BC800AF9785 /* Dame Veneno.app */ = {isa = PBXFileReference; explicitFileType = wrapper.application; includeInIndex = 0; path = "Dame Veneno.app"; sourceTree = BUILT_PRODUCTS_DIR; };
		B1B828DE1FF80BC800AF9785 /* AppDelegate.swift */ = {isa = PBXFileReference; lastKnownFileType = sourcecode.swift; path = AppDelegate.swift; sourceTree = "<group>"; };
		B1B828E01FF80BC800AF9785 /* ViewController.swift */ = {isa = PBXFileReference; lastKnownFileType = sourcecode.swift; path = ViewController.swift; sourceTree = "<group>"; };
		B1B828E31FF80BC800AF9785 /* Base */ = {isa = PBXFileReference; lastKnownFileType = file.storyboard; name = Base; path = Base.lproj/Main.storyboard; sourceTree = "<group>"; };
		B1B828E61FF80BC800AF9785 /* Dame_Veneno.xcdatamodel */ = {isa = PBXFileReference; lastKnownFileType = wrapper.xcdatamodel; path = Dame_Veneno.xcdatamodel; sourceTree = "<group>"; };
		B1B828E81FF80BC800AF9785 /* Assets.xcassets */ = {isa = PBXFileReference; lastKnownFileType = folder.assetcatalog; path = Assets.xcassets; sourceTree = "<group>"; };
		B1B828EB1FF80BC800AF9785 /* Base */ = {isa = PBXFileReference; lastKnownFileType = file.storyboard; name = Base; path = Base.lproj/LaunchScreen.storyboard; sourceTree = "<group>"; };
		B1B828ED1FF80BC800AF9785 /* Info.plist */ = {isa = PBXFileReference; lastKnownFileType = text.plist.xml; path = Info.plist; sourceTree = "<group>"; };
		B1B828F21FF80BC800AF9785 /* Dame VenenoTests.xctest */ = {isa = PBXFileReference; explicitFileType = wrapper.cfbundle; includeInIndex = 0; path = "Dame VenenoTests.xctest"; sourceTree = BUILT_PRODUCTS_DIR; };
		B1B828F61FF80BC800AF9785 /* Dame_VenenoTests.swift */ = {isa = PBXFileReference; lastKnownFileType = sourcecode.swift; path = Dame_VenenoTests.swift; sourceTree = "<group>"; };
		B1B828F81FF80BC800AF9785 /* Info.plist */ = {isa = PBXFileReference; lastKnownFileType = text.plist.xml; path = Info.plist; sourceTree = "<group>"; };
		B1B828FD1FF80BC800AF9785 /* Dame VenenoUITests.xctest */ = {isa = PBXFileReference; explicitFileType = wrapper.cfbundle; includeInIndex = 0; path = "Dame VenenoUITests.xctest"; sourceTree = BUILT_PRODUCTS_DIR; };
		B1B829011FF80BC800AF9785 /* Dame_VenenoUITests.swift */ = {isa = PBXFileReference; lastKnownFileType = sourcecode.swift; path = Dame_VenenoUITests.swift; sourceTree = "<group>"; };
		B1B829031FF80BC800AF9785 /* Info.plist */ = {isa = PBXFileReference; lastKnownFileType = text.plist.xml; path = Info.plist; sourceTree = "<group>"; };
/* End PBXFileReference section */

/* Begin PBXFrameworksBuildPhase section */
		B1B828D81FF80BC800AF9785 /* Frameworks */ = {
			isa = PBXFrameworksBuildPhase;
			buildActionMask = 2147483647;
			files = (
			);
			runOnlyForDeploymentPostprocessing = 0;
		};
		B1B828EF1FF80BC800AF9785 /* Frameworks */ = {
			isa = PBXFrameworksBuildPhase;
			buildActionMask = 2147483647;
			files = (
			);
			runOnlyForDeploymentPostprocessing = 0;
		};
		B1B828FA1FF80BC800AF9785 /* Frameworks */ = {
			isa = PBXFrameworksBuildPhase;
			buildActionMask = 2147483647;
			files = (
			);
			runOnlyForDeploymentPostprocessing = 0;
		};
/* End PBXFrameworksBuildPhase section */

/* Begin PBXGroup section */
		B1B828D21FF80BC700AF9785 = {
			isa = PBXGroup;
			children = (
				B1B828DD1FF80BC800AF9785 /* Dame Veneno */,
				B1B828F51FF80BC800AF9785 /* Dame VenenoTests */,
				B1B829001FF80BC800AF9785 /* Dame VenenoUITests */,
				B1B828DC1FF80BC800AF9785 /* Products */,
			);
			sourceTree = "<group>";
		};
		B1B828DC1FF80BC800AF9785 /* Products */ = {
			isa = PBXGroup;
			children = (
				B1B828DB1FF80BC800AF9785 /* Dame Veneno.app */,
				B1B828F21FF80BC800AF9785 /* Dame VenenoTests.xctest */,
				B1B828FD1FF80BC800AF9785 /* Dame VenenoUITests.xctest */,
			);
			name = Products;
			sourceTree = "<group>";
		};
		B1B828DD1FF80BC800AF9785 /* Dame Veneno */ = {
			isa = PBXGroup;
			children = (
				B1B828DE1FF80BC800AF9785 /* AppDelegate.swift */,
				B1B828E01FF80BC800AF9785 /* ViewController.swift */,
				B1B828E21FF80BC800AF9785 /* Main.storyboard */,
				B1B828E81FF80BC800AF9785 /* Assets.xcassets */,
				B1B828EA1FF80BC800AF9785 /* LaunchScreen.storyboard */,
				B1B828ED1FF80BC800AF9785 /* Info.plist */,
				B1B828E51FF80BC800AF9785 /* Dame_Veneno.xcdatamodeld */,
			);
			path = "Dame Veneno";
			sourceTree = "<group>";
		};
		B1B828F51FF80BC800AF9785 /* Dame VenenoTests */ = {
			isa = PBXGroup;
			children = (
				B1B828F61FF80BC800AF9785 /* Dame_VenenoTests.swift */,
				B1B828F81FF80BC800AF9785 /* Info.plist */,
			);
			path = "Dame VenenoTests";
			sourceTree = "<group>";
		};
		B1B829001FF80BC800AF9785 /* Dame VenenoUITests */ = {
			isa = PBXGroup;
			children = (
				B1B829011FF80BC800AF9785 /* Dame_VenenoUITests.swift */,
				B1B829031FF80BC800AF9785 /* Info.plist */,
			);
			path = "Dame VenenoUITests";
			sourceTree = "<group>";
		};
/* End PBXGroup section */

/* Begin PBXNativeTarget section */
		B1B828DA1FF80BC800AF9785 /* Dame Veneno */ = {
			isa = PBXNativeTarget;
			buildConfigurationList = B1B829061FF80BC800AF9785 /* Build configuration list for PBXNativeTarget "Dame Veneno" */;
			buildPhases = (
				B1B828D71FF80BC800AF9785 /* Sources */,
				B1B828D81FF80BC800AF9785 /* Frameworks */,
				B1B828D91FF80BC800AF9785 /* Resources */,
			);
			buildRules = (
			);
			dependencies = (
			);
			name = "Dame Veneno";
			productName = "Dame Veneno";
			productReference = B1B828DB1FF80BC800AF9785 /* Dame Veneno.app */;
			productType = "com.apple.product-type.application";
		};
		B1B828F11FF80BC800AF9785 /* Dame VenenoTests */ = {
			isa = PBXNativeTarget;
			buildConfigurationList = B1B829091FF80BC800AF9785 /* Build configuration list for PBXNativeTarget "Dame VenenoTests" */;
			buildPhases = (
				B1B828EE1FF80BC800AF9785 /* Sources */,
				B1B828EF1FF80BC800AF9785 /* Frameworks */,
				B1B828F01FF80BC800AF9785 /* Resources */,
			);
			buildRules = (
			);
			dependencies = (
				B1B828F41FF80BC800AF9785 /* PBXTargetDependency */,
			);
			name = "Dame VenenoTests";
			productName = "Dame VenenoTests";
			productReference = B1B828F21FF80BC800AF9785 /* Dame VenenoTests.xctest */;
			productType = "com.apple.product-type.bundle.unit-test";
		};
		B1B828FC1FF80BC800AF9785 /* Dame VenenoUITests */ = {
			isa = PBXNativeTarget;
			buildConfigurationList = B1B8290C1FF80BC800AF9785 /* Build configuration list for PBXNativeTarget "Dame VenenoUITests" */;
			buildPhases = (
				B1B828F91FF80BC800AF9785 /* Sources */,
				B1B828FA1FF80BC800AF9785 /* Frameworks */,
				B1B828FB1FF80BC800AF9785 /* Resources */,
			);
			buildRules = (
			);
			dependencies = (
				B1B828FF1FF80BC800AF9785 /* PBXTargetDependency */,
			);
			name = "Dame VenenoUITests";
			productName = "Dame VenenoUITests";
			productReference = B1B828FD1FF80BC800AF9785 /* Dame VenenoUITests.xctest */;
			productType = "com.apple.product-type.bundle.ui-testing";
		};
/* End PBXNativeTarget section */

/* Begin PBXProject section */
		B1B828D31FF80BC700AF9785 /* Project object */ = {
			isa = PBXProject;
			attributes = {
				LastSwiftUpdateCheck = 0920;
				LastUpgradeCheck = 0920;
				ORGANIZATIONNAME = "Jose Antonio Córdoba Gómez";
				TargetAttributes = {
					B1B828DA1FF80BC800AF9785 = {
						CreatedOnToolsVersion = 9.2;
						ProvisioningStyle = Automatic;
					};
					B1B828F11FF80BC800AF9785 = {
						CreatedOnToolsVersion = 9.2;
						ProvisioningStyle = Automatic;
						TestTargetID = B1B828DA1FF80BC800AF9785;
					};
					B1B828FC1FF80BC800AF9785 = {
						CreatedOnToolsVersion = 9.2;
						ProvisioningStyle = Automatic;
						TestTargetID = B1B828DA1FF80BC800AF9785;
					};
				};
			};
			buildConfigurationList = B1B828D61FF80BC700AF9785 /* Build configuration list for PBXProject "Dame Veneno" */;
			compatibilityVersion = "Xcode 8.0";
			developmentRegion = en;
			hasScannedForEncodings = 0;
			knownRegions = (
				en,
				Base,
			);
			mainGroup = B1B828D21FF80BC700AF9785;
			productRefGroup = B1B828DC1FF80BC800AF9785 /* Products */;
			projectDirPath = "";
			projectRoot = "";
			targets = (
				B1B828DA1FF80BC800AF9785 /* Dame Veneno */,
				B1B828F11FF80BC800AF9785 /* Dame VenenoTests */,
				B1B828FC1FF80BC800AF9785 /* Dame VenenoUITests */,
			);
		};
/* End PBXProject section */

/* Begin PBXResourcesBuildPhase section */
		B1B828D91FF80BC800AF9785 /* Resources */ = {
			isa = PBXResourcesBuildPhase;
			buildActionMask = 2147483647;
			files = (
				B1B828EC1FF80BC800AF9785 /* LaunchScreen.storyboard in Resources */,
				B1B828E91FF80BC800AF9785 /* Assets.xcassets in Resources */,
				B1B828E41FF80BC800AF9785 /* Main.storyboard in Resources */,
			);
			runOnlyForDeploymentPostprocessing = 0;
		};
		B1B828F01FF80BC800AF9785 /* Resources */ = {
			isa = PBXResourcesBuildPhase;
			buildActionMask = 2147483647;
			files = (
			);
			runOnlyForDeploymentPostprocessing = 0;
		};
		B1B828FB1FF80BC800AF9785 /* Resources */ = {
			isa = PBXResourcesBuildPhase;
			buildActionMask = 2147483647;
			files = (
			);
			runOnlyForDeploymentPostprocessing = 0;
		};
/* End PBXResourcesBuildPhase section */

/* Begin PBXSourcesBuildPhase section */
		B1B828D71FF80BC800AF9785 /* Sources */ = {
			isa = PBXSourcesBuildPhase;
			buildActionMask = 2147483647;
			files = (
				B1B828E11FF80BC800AF9785 /* ViewController.swift in Sources */,
				B1B828DF1FF80BC800AF9785 /* AppDelegate.swift in Sources */,
				B1B828E71FF80BC800AF9785 /* Dame_Veneno.xcdatamodeld in Sources */,
			);
			runOnlyForDeploymentPostprocessing = 0;
		};
		B1B828EE1FF80BC800AF9785 /* Sources */ = {
			isa = PBXSourcesBuildPhase;
			buildActionMask = 2147483647;
			files = (
				B1B828F71FF80BC800AF9785 /* Dame_VenenoTests.swift in Sources */,
			);
			runOnlyForDeploymentPostprocessing = 0;
		};
		B1B828F91FF80BC800AF9785 /* Sources */ = {
			isa = PBXSourcesBuildPhase;
			buildActionMask = 2147483647;
			files = (
				B1B829021FF80BC800AF9785 /* Dame_VenenoUITests.swift in Sources */,
			);
			runOnlyForDeploymentPostprocessing = 0;
		};
/* End PBXSourcesBuildPhase section */

/* Begin PBXTargetDependency section */
		B1B828F41FF80BC800AF9785 /* PBXTargetDependency */ = {
			isa = PBXTargetDependency;
			target = B1B828DA1FF80BC800AF9785 /* Dame Veneno */;
			targetProxy = B1B828F31FF80BC800AF9785 /* PBXContainerItemProxy */;
		};
		B1B828FF1FF80BC800AF9785 /* PBXTargetDependency */ = {
			isa = PBXTargetDependency;
			target = B1B828DA1FF80BC800AF9785 /* Dame Veneno */;
			targetProxy = B1B828FE1FF80BC800AF9785 /* PBXContainerItemProxy */;
		};
/* End PBXTargetDependency section */

/* Begin PBXVariantGroup section */
		B1B828E21FF80BC800AF9785 /* Main.storyboard */ = {
			isa = PBXVariantGroup;
			children = (
				B1B828E31FF80BC800AF9785 /* Base */,
			);
			name = Main.storyboard;
			sourceTree = "<group>";
		};
		B1B828EA1FF80BC800AF9785 /* LaunchScreen.storyboard */ = {
			isa = PBXVariantGroup;
			children = (
				B1B828EB1FF80BC800AF9785 /* Base */,
			);
			name = LaunchScreen.storyboard;
			sourceTree = "<group>";
		};
/* End PBXVariantGroup section */

/* Begin XCBuildConfiguration section */
		B1B829041FF80BC800AF9785 /* Debug */ = {
			isa = XCBuildConfiguration;
			buildSettings = {
				ALWAYS_SEARCH_USER_PATHS = NO;
				CLANG_ANALYZER_NONNULL = YES;
				CLANG_ANALYZER_NUMBER_OBJECT_CONVERSION = YES_AGGRESSIVE;
				CLANG_CXX_LANGUAGE_STANDARD = "gnu++14";
				CLANG_CXX_LIBRARY = "libc++";
				CLANG_ENABLE_MODULES = YES;
				CLANG_ENABLE_OBJC_ARC = YES;
				CLANG_WARN_BLOCK_CAPTURE_AUTORELEASING = YES;
				CLANG_WARN_BOOL_CONVERSION = YES;
				CLANG_WARN_COMMA = YES;
				CLANG_WARN_CONSTANT_CONVERSION = YES;
				CLANG_WARN_DIRECT_OBJC_ISA_USAGE = YES_ERROR;
				CLANG_WARN_DOCUMENTATION_COMMENTS = YES;
				CLANG_WARN_EMPTY_BODY = YES;
				CLANG_WARN_ENUM_CONVERSION = YES;
				CLANG_WARN_INFINITE_RECURSION = YES;
				CLANG_WARN_INT_CONVERSION = YES;
				CLANG_WARN_NON_LITERAL_NULL_CONVERSION = YES;
				CLANG_WARN_OBJC_LITERAL_CONVERSION = YES;
				CLANG_WARN_OBJC_ROOT_CLASS = YES_ERROR;
				CLANG_WARN_RANGE_LOOP_ANALYSIS = YES;
				CLANG_WARN_STRICT_PROTOTYPES = YES;
				CLANG_WARN_SUSPICIOUS_MOVE = YES;
				CLANG_WARN_UNGUARDED_AVAILABILITY = YES_AGGRESSIVE;
				CLANG_WARN_UNREACHABLE_CODE = YES;
				CLANG_WARN__DUPLICATE_METHOD_MATCH = YES;
				CODE_SIGN_IDENTITY = "iPhone Developer";
				COPY_PHASE_STRIP = NO;
				DEBUG_INFORMATION_FORMAT = dwarf;
				ENABLE_STRICT_OBJC_MSGSEND = YES;
				ENABLE_TESTABILITY = YES;
				GCC_C_LANGUAGE_STANDARD = gnu11;
				GCC_DYNAMIC_NO_PIC = NO;
				GCC_NO_COMMON_BLOCKS = YES;
				GCC_OPTIMIZATION_LEVEL = 0;
				GCC_PREPROCESSOR_DEFINITIONS = (
					"DEBUG=1",
					"$(inherited)",
				);
				GCC_WARN_64_TO_32_BIT_CONVERSION = YES;
				GCC_WARN_ABOUT_RETURN_TYPE = YES_ERROR;
				GCC_WARN_UNDECLARED_SELECTOR = YES;
				GCC_WARN_UNINITIALIZED_AUTOS = YES_AGGRESSIVE;
				GCC_WARN_UNUSED_FUNCTION = YES;
				GCC_WARN_UNUSED_VARIABLE = YES;
				IPHONEOS_DEPLOYMENT_TARGET = 11.2;
				MTL_ENABLE_DEBUG_INFO = YES;
				ONLY_ACTIVE_ARCH = YES;
				SDKROOT = iphoneos;
				SWIFT_ACTIVE_COMPILATION_CONDITIONS = DEBUG;
				SWIFT_OPTIMIZATION_LEVEL = "-Onone";
			};
			name = Debug;
		};
		B1B829051FF80BC800AF9785 /* Release */ = {
			isa = XCBuildConfiguration;
			buildSettings = {
				ALWAYS_SEARCH_USER_PATHS = NO;
				CLANG_ANALYZER_NONNULL = YES;
				CLANG_ANALYZER_NUMBER_OBJECT_CONVERSION = YES_AGGRESSIVE;
				CLANG_CXX_LANGUAGE_STANDARD = "gnu++14";
				CLANG_CXX_LIBRARY = "libc++";
				CLANG_ENABLE_MODULES = YES;
				CLANG_ENABLE_OBJC_ARC = YES;
				CLANG_WARN_BLOCK_CAPTURE_AUTORELEASING = YES;
				CLANG_WARN_BOOL_CONVERSION = YES;
				CLANG_WARN_COMMA = YES;
				CLANG_WARN_CONSTANT_CONVERSION = YES;
				CLANG_WARN_DIRECT_OBJC_ISA_USAGE = YES_ERROR;
				CLANG_WARN_DOCUMENTATION_COMMENTS = YES;
				CLANG_WARN_EMPTY_BODY = YES;
				CLANG_WARN_ENUM_CONVERSION = YES;
				CLANG_WARN_INFINITE_RECURSION = YES;
				CLANG_WARN_INT_CONVERSION = YES;
				CLANG_WARN_NON_LITERAL_NULL_CONVERSION = YES;
				CLANG_WARN_OBJC_LITERAL_CONVERSION = YES;
				CLANG_WARN_OBJC_ROOT_CLASS = YES_ERROR;
				CLANG_WARN_RANGE_LOOP_ANALYSIS = YES;
				CLANG_WARN_STRICT_PROTOTYPES = YES;
				CLANG_WARN_SUSPICIOUS_MOVE = YES;
				CLANG_WARN_UNGUARDED_AVAILABILITY = YES_AGGRESSIVE;
				CLANG_WARN_UNREACHABLE_CODE = YES;
				CLANG_WARN__DUPLICATE_METHOD_MATCH = YES;
				CODE_SIGN_IDENTITY = "iPhone Developer";
				COPY_PHASE_STRIP = NO;
				DEBUG_INFORMATION_FORMAT = "dwarf-with-dsym";
				ENABLE_NS_ASSERTIONS = NO;
				ENABLE_STRICT_OBJC_MSGSEND = YES;
				GCC_C_LANGUAGE_STANDARD = gnu11;
				GCC_NO_COMMON_BLOCKS = YES;
				GCC_WARN_64_TO_32_BIT_CONVERSION = YES;
				GCC_WARN_ABOUT_RETURN_TYPE = YES_ERROR;
				GCC_WARN_UNDECLARED_SELECTOR = YES;
				GCC_WARN_UNINITIALIZED_AUTOS = YES_AGGRESSIVE;
				GCC_WARN_UNUSED_FUNCTION = YES;
				GCC_WARN_UNUSED_VARIABLE = YES;
				IPHONEOS_DEPLOYMENT_TARGET = 11.2;
				MTL_ENABLE_DEBUG_INFO = NO;
				SDKROOT = iphoneos;
				SWIFT_OPTIMIZATION_LEVEL = "-Owholemodule";
				VALIDATE_PRODUCT = YES;
			};
			name = Release;
		};
		B1B829071FF80BC800AF9785 /* Debug */ = {
			isa = XCBuildConfiguration;
			buildSettings = {
				ASSETCATALOG_COMPILER_APPICON_NAME = AppIcon;
				CODE_SIGN_STYLE = Automatic;
				DEVELOPMENT_TEAM = 99M6GEBD75;
				INFOPLIST_FILE = "Dame Veneno/Info.plist";
				LD_RUNPATH_SEARCH_PATHS = "$(inherited) @executable_path/Frameworks";
				PRODUCT_BUNDLE_IDENTIFIER = "com.pepitoenpeligro.Dame-Veneno";
				PRODUCT_NAME = "$(TARGET_NAME)";
				SWIFT_VERSION = 4.0;
				TARGETED_DEVICE_FAMILY = "1,2";
			};
			name = Debug;
		};
		B1B829081FF80BC800AF9785 /* Release */ = {
			isa = XCBuildConfiguration;
			buildSettings = {
				ASSETCATALOG_COMPILER_APPICON_NAME = AppIcon;
				CODE_SIGN_STYLE = Automatic;
				DEVELOPMENT_TEAM = 99M6GEBD75;
				INFOPLIST_FILE = "Dame Veneno/Info.plist";
				LD_RUNPATH_SEARCH_PATHS = "$(inherited) @executable_path/Frameworks";
				PRODUCT_BUNDLE_IDENTIFIER = "com.pepitoenpeligro.Dame-Veneno";
				PRODUCT_NAME = "$(TARGET_NAME)";
				SWIFT_VERSION = 4.0;
				TARGETED_DEVICE_FAMILY = "1,2";
			};
			name = Release;
		};
		B1B8290A1FF80BC800AF9785 /* Debug */ = {
			isa = XCBuildConfiguration;
			buildSettings = {
				ALWAYS_EMBED_SWIFT_STANDARD_LIBRARIES = YES;
				BUNDLE_LOADER = "$(TEST_HOST)";
				CODE_SIGN_STYLE = Automatic;
				DEVELOPMENT_TEAM = 99M6GEBD75;
				INFOPLIST_FILE = "Dame VenenoTests/Info.plist";
				LD_RUNPATH_SEARCH_PATHS = "$(inherited) @executable_path/Frameworks @loader_path/Frameworks";
				PRODUCT_BUNDLE_IDENTIFIER = "com.pepitoenpeligro.Dame-VenenoTests";
				PRODUCT_NAME = "$(TARGET_NAME)";
				SWIFT_VERSION = 4.0;
				TARGETED_DEVICE_FAMILY = "1,2";
				TEST_HOST = "$(BUILT_PRODUCTS_DIR)/Dame Veneno.app/Dame Veneno";
			};
			name = Debug;
		};
		B1B8290B1FF80BC800AF9785 /* Release */ = {
			isa = XCBuildConfiguration;
			buildSettings = {
				ALWAYS_EMBED_SWIFT_STANDARD_LIBRARIES = YES;
				BUNDLE_LOADER = "$(TEST_HOST)";
				CODE_SIGN_STYLE = Automatic;
				DEVELOPMENT_TEAM = 99M6GEBD75;
				INFOPLIST_FILE = "Dame VenenoTests/Info.plist";
				LD_RUNPATH_SEARCH_PATHS = "$(inherited) @executable_path/Frameworks @loader_path/Frameworks";
				PRODUCT_BUNDLE_IDENTIFIER = "com.pepitoenpeligro.Dame-VenenoTests";
				PRODUCT_NAME = "$(TARGET_NAME)";
				SWIFT_VERSION = 4.0;
				TARGETED_DEVICE_FAMILY = "1,2";
				TEST_HOST = "$(BUILT_PRODUCTS_DIR)/Dame Veneno.app/Dame Veneno";
			};
			name = Release;
		};
		B1B8290D1FF80BC800AF9785 /* Debug */ = {
			isa = XCBuildConfiguration;
			buildSettings = {
				ALWAYS_EMBED_SWIFT_STANDARD_LIBRARIES = YES;
				CODE_SIGN_STYLE = Automatic;
				DEVELOPMENT_TEAM = 99M6GEBD75;
				INFOPLIST_FILE = "Dame VenenoUITests/Info.plist";
				LD_RUNPATH_SEARCH_PATHS = "$(inherited) @executable_path/Frameworks @loader_path/Frameworks";
				PRODUCT_BUNDLE_IDENTIFIER = "com.pepitoenpeligro.Dame-VenenoUITests";
				PRODUCT_NAME = "$(TARGET_NAME)";
				SWIFT_VERSION = 4.0;
				TARGETED_DEVICE_FAMILY = "1,2";
				TEST_TARGET_NAME = "Dame Veneno";
			};
			name = Debug;
		};
		B1B8290E1FF80BC800AF9785 /* Release */ = {
			isa = XCBuildConfiguration;
			buildSettings = {
				ALWAYS_EMBED_SWIFT_STANDARD_LIBRARIES = YES;
				CODE_SIGN_STYLE = Automatic;
				DEVELOPMENT_TEAM = 99M6GEBD75;
				INFOPLIST_FILE = "Dame VenenoUITests/Info.plist";
				LD_RUNPATH_SEARCH_PATHS = "$(inherited) @executable_path/Frameworks @loader_path/Frameworks";
				PRODUCT_BUNDLE_IDENTIFIER = "com.pepitoenpeligro.Dame-VenenoUITests";
				PRODUCT_NAME = "$(TARGET_NAME)";
				SWIFT_VERSION = 4.0;
				TARGETED_DEVICE_FAMILY = "1,2";
				TEST_TARGET_NAME = "Dame Veneno";
			};
			name = Release;
		};
/* End XCBuildConfiguration section */

/* Begin XCConfigurationList section */
		B1B828D61FF80BC700AF9785 /* Build configuration list for PBXProject "Dame Veneno" */ = {
			isa = XCConfigurationList;
			buildConfigurations = (
				B1B829041FF80BC800AF9785 /* Debug */,
				B1B829051FF80BC800AF9785 /* Release */,
			);
			defaultConfigurationIsVisible = 0;
			defaultConfigurationName = Release;
		};
		B1B829061FF80BC800AF9785 /* Build configuration list for PBXNativeTarget "Dame Veneno" */ = {
			isa = XCConfigurationList;
			buildConfigurations = (
				B1B829071FF80BC800AF9785 /* Debug */,
				B1B829081FF80BC800AF9785 /* Release */,
			);
			defaultConfigurationIsVisible = 0;
			defaultConfigurationName = Release;
		};
		B1B829091FF80BC800AF9785 /* Build configuration list for PBXNativeTarget "Dame VenenoTests" */ = {
			isa = XCConfigurationList;
			buildConfigurations = (
				B1B8290A1FF80BC800AF9785 /* Debug */,
				B1B8290B1FF80BC800AF9785 /* Release */,
			);
			defaultConfigurationIsVisible = 0;
			defaultConfigurationName = Release;
		};
		B1B8290C1FF80BC800AF9785 /* Build configuration list for PBXNativeTarget "Dame VenenoUITests" */ = {
			isa = XCConfigurationList;
			buildConfigurations = (
				B1B8290D1FF80BC800AF9785 /* Debug */,
				B1B8290E1FF80BC800AF9785 /* Release */,
			);
			defaultConfigurationIsVisible = 0;
			defaultConfigurationName = Release;
		};
/* End XCConfigurationList section */

/* Begin XCVersionGroup section */
		B1B828E51FF80BC800AF9785 /* Dame_Veneno.xcdatamodeld */ = {
			isa = XCVersionGroup;
			children = (
				B1B828E61FF80BC800AF9785 /* Dame_Veneno.xcdatamodel */,
			);
			currentVersion = B1B828E61FF80BC800AF9785 /* Dame_Veneno.xcdatamodel */;
			path = Dame_Veneno.xcdatamodeld;
			sourceTree = "<group>";
			versionGroupType = wrapper.xcdatamodel;
		};
/* End XCVersionGroup section */
	};
	rootObject = B1B828D31FF80BC700AF9785 /* Project object */;
}
